
Microsoft Visual Studio Solution File, Format Version 12.00
# Visual Studio Version 16
VisualStudioVersion = 16.0.30503.244
MinimumVisualStudioVersion = 10.0.40219.1
Project("{888888A0-9F3D-457C-B088-3A5042F75D52}") = "Random Byte Generator", "Random Byte Generator\Random Byte Generator.pyproj", "{6EE546BB-EA2F-48EC-A0BC-EF37CE8789B6}"
EndProject
Global
	GlobalSection(SolutionConfigurationPlatforms) = preSolution
		Debug|Any CPU = Debug|Any CPU
		Release|Any CPU = Release|Any CPU
	EndGlobalSection
	GlobalSection(ProjectConfigurationPlatforms) = postSolution
		{6EE546BB-EA2F-48EC-A0BC-EF37CE8789B6}.Debug|Any CPU.ActiveCfg = Debug|Any CPU
		{6EE546BB-EA2F-48EC-A0BC-EF37CE8789B6}.Release|Any CPU.ActiveCfg = Release|Any CPU
	EndGlobalSection
	GlobalSection(SolutionProperties) = preSolution
		HideSolutionNode = FALSE
	EndGlobalSection
	GlobalSection(ExtensibilityGlobals) = postSolution
		SolutionGuid = {B82CBDEA-6D1F-46C0-8C10-D1E7D87D7220}
	EndGlobalSection
EndGlobal
